
Microsoft Visual Studio Solution File, Format Version 12.00
# Visual Studio Version 17
VisualStudioVersion = 17.7.34031.279
MinimumVisualStudioVersion = 10.0.40219.1
Project("{FAE04EC0-301F-11D3-BF4B-00C04F79EFBC}") = "TodoAPIAssignment.API", "TodoAPIAssignment.API\TodoAPIAssignment.API.csproj", "{2C71904F-3DBD-4088-982D-0B3E44E20B21}"
EndProject
Project("{FAE04EC0-301F-11D3-BF4B-00C04F79EFBC}") = "TodoAPIAssignment.DataAccessLibrary", "TodoAPIAssignment.DataAccessLibrary\TodoAPIAssignment.DataAccessLibrary.csproj", "{1A3FA6F0-F854-4D82-93A8-15FC2C0B95BF}"
EndProject
Project("{FAE04EC0-301F-11D3-BF4B-00C04F79EFBC}") = "TodoAPIAssignment.DataAccessLibrary.Tests", "TodoAPIAssignment.DataAccessLibrary.Tests\TodoAPIAssignment.DataAccessLibrary.Tests.csproj", "{895390B7-4E12-490E-89D4-AF76D5BABC6D}"
EndProject
Project("{FAE04EC0-301F-11D3-BF4B-00C04F79EFBC}") = "TodoAPIAssignment.AuthenticationLibrary", "TodoAPIAssignment.AuthenticationLibrary\TodoAPIAssignment.AuthenticationLibrary.csproj", "{CBAF7950-145F-44D5-AD55-FAA60B638502}"
EndProject
Project("{FAE04EC0-301F-11D3-BF4B-00C04F79EFBC}") = "TodoAPIAssignment.AuthenticationLibrary.Tests", "TodoAPIAssignment.AuthenticationLibrary.Tests\TodoAPIAssignment.AuthenticationLibrary.Tests.csproj", "{F18539D9-1283-491B-A3AD-D88821E1ADE0}"
EndProject
Global
	GlobalSection(SolutionConfigurationPlatforms) = preSolution
		Debug|Any CPU = Debug|Any CPU
		Release|Any CPU = Release|Any CPU
	EndGlobalSection
	GlobalSection(ProjectConfigurationPlatforms) = postSolution
		{2C71904F-3DBD-4088-982D-0B3E44E20B21}.Debug|Any CPU.ActiveCfg = Debug|Any CPU
		{2C71904F-3DBD-4088-982D-0B3E44E20B21}.Debug|Any CPU.Build.0 = Debug|Any CPU
		{2C71904F-3DBD-4088-982D-0B3E44E20B21}.Release|Any CPU.ActiveCfg = Release|Any CPU
		{2C71904F-3DBD-4088-982D-0B3E44E20B21}.Release|Any CPU.Build.0 = Release|Any CPU
		{1A3FA6F0-F854-4D82-93A8-15FC2C0B95BF}.Debug|Any CPU.ActiveCfg = Debug|Any CPU
		{1A3FA6F0-F854-4D82-93A8-15FC2C0B95BF}.Debug|Any CPU.Build.0 = Debug|Any CPU
		{1A3FA6F0-F854-4D82-93A8-15FC2C0B95BF}.Release|Any CPU.ActiveCfg = Release|Any CPU
		{1A3FA6F0-F854-4D82-93A8-15FC2C0B95BF}.Release|Any CPU.Build.0 = Release|Any CPU
		{895390B7-4E12-490E-89D4-AF76D5BABC6D}.Debug|Any CPU.ActiveCfg = Debug|Any CPU
		{895390B7-4E12-490E-89D4-AF76D5BABC6D}.Debug|Any CPU.Build.0 = Debug|Any CPU
		{895390B7-4E12-490E-89D4-AF76D5BABC6D}.Release|Any CPU.ActiveCfg = Release|Any CPU
		{895390B7-4E12-490E-89D4-AF76D5BABC6D}.Release|Any CPU.Build.0 = Release|Any CPU
		{CBAF7950-145F-44D5-AD55-FAA60B638502}.Debug|Any CPU.ActiveCfg = Debug|Any CPU
		{CBAF7950-145F-44D5-AD55-FAA60B638502}.Debug|Any CPU.Build.0 = Debug|Any CPU
		{CBAF7950-145F-44D5-AD55-FAA60B638502}.Release|Any CPU.ActiveCfg = Release|Any CPU
		{CBAF7950-145F-44D5-AD55-FAA60B638502}.Release|Any CPU.Build.0 = Release|Any CPU
		{F18539D9-1283-491B-A3AD-D88821E1ADE0}.Debug|Any CPU.ActiveCfg = Debug|Any CPU
		{F18539D9-1283-491B-A3AD-D88821E1ADE0}.Debug|Any CPU.Build.0 = Debug|Any CPU
		{F18539D9-1283-491B-A3AD-D88821E1ADE0}.Release|Any CPU.ActiveCfg = Release|Any CPU
		{F18539D9-1283-491B-A3AD-D88821E1ADE0}.Release|Any CPU.Build.0 = Release|Any CPU
	EndGlobalSection
	GlobalSection(SolutionProperties) = preSolution
		HideSolutionNode = FALSE
	EndGlobalSection
	GlobalSection(ExtensibilityGlobals) = postSolution
		SolutionGuid = {EAFF2718-9F75-4124-9966-28DA52DB8D13}
	EndGlobalSection
EndGlobal
